// !$*UTF8*$!
{
	archiveVersion = 1;
	classes = {
	};
	objectVersion = 56;
	objects = {

/* Begin PBXBuildFile section */
		20FBC1EC2BD6DC7800FF7938 /* StateAndDataFlowApp.swift in Sources */ = {isa = PBXBuildFile; fileRef = 20FBC1EB2BD6DC7800FF7938 /* StateAndDataFlowApp.swift */; };
		20FBC1EE2BD6DC7800FF7938 /* ContentView.swift in Sources */ = {isa = PBXBuildFile; fileRef = 20FBC1ED2BD6DC7800FF7938 /* ContentView.swift */; };
		20FBC1F02BD6DC7A00FF7938 /* Assets.xcassets in Resources */ = {isa = PBXBuildFile; fileRef = 20FBC1EF2BD6DC7A00FF7938 /* Assets.xcassets */; };
		20FBC1F32BD6DC7A00FF7938 /* Preview Assets.xcassets in Resources */ = {isa = PBXBuildFile; fileRef = 20FBC1F22BD6DC7A00FF7938 /* Preview Assets.xcassets */; };
		20FBC1FB2BD6DCF600FF7938 /* ContentViewViewModel.swift in Sources */ = {isa = PBXBuildFile; fileRef = 20FBC1FA2BD6DCF600FF7938 /* ContentViewViewModel.swift */; };
		20FBC1FE2BD6E73000FF7938 /* LoginView.swift in Sources */ = {isa = PBXBuildFile; fileRef = 20FBC1FD2BD6E73000FF7938 /* LoginView.swift */; };
		20FBC2002BD6E73E00FF7938 /* LoginViewViewModel.swift in Sources */ = {isa = PBXBuildFile; fileRef = 20FBC1FF2BD6E73E00FF7938 /* LoginViewViewModel.swift */; };
		20FBC2022BD6EAB800FF7938 /* RootView.swift in Sources */ = {isa = PBXBuildFile; fileRef = 20FBC2012BD6EAB800FF7938 /* RootView.swift */; };
		20FBC20C2BD92E0300FF7938 /* ButtonView.swift in Sources */ = {isa = PBXBuildFile; fileRef = 20FBC20B2BD92E0300FF7938 /* ButtonView.swift */; };
		20FBC20E2BD96C6A00FF7938 /* StorageManager.swift in Sources */ = {isa = PBXBuildFile; fileRef = 20FBC20D2BD96C6A00FF7938 /* StorageManager.swift */; };
		20FBC2112BD96CF500FF7938 /* User.swift in Sources */ = {isa = PBXBuildFile; fileRef = 20FBC2102BD96CF500FF7938 /* User.swift */; };
/* End PBXBuildFile section */

/* Begin PBXFileReference section */
		20FBC1E82BD6DC7800FF7938 /* StateAndDataFlow.app */ = {isa = PBXFileReference; explicitFileType = wrapper.application; includeInIndex = 0; path = StateAndDataFlow.app; sourceTree = BUILT_PRODUCTS_DIR; };
		20FBC1EB2BD6DC7800FF7938 /* StateAndDataFlowApp.swift */ = {isa = PBXFileReference; lastKnownFileType = sourcecode.swift; path = StateAndDataFlowApp.swift; sourceTree = "<group>"; };
		20FBC1ED2BD6DC7800FF7938 /* ContentView.swift */ = {isa = PBXFileReference; lastKnownFileType = sourcecode.swift; path = ContentView.swift; sourceTree = "<group>"; };
		20FBC1EF2BD6DC7A00FF7938 /* Assets.xcassets */ = {isa = PBXFileReference; lastKnownFileType = folder.assetcatalog; path = Assets.xcassets; sourceTree = "<group>"; };
		20FBC1F22BD6DC7A00FF7938 /* Preview Assets.xcassets */ = {isa = PBXFileReference; lastKnownFileType = folder.assetcatalog; path = "Preview Assets.xcassets"; sourceTree = "<group>"; };
		20FBC1FA2BD6DCF600FF7938 /* ContentViewViewModel.swift */ = {isa = PBXFileReference; lastKnownFileType = sourcecode.swift; path = ContentViewViewModel.swift; sourceTree = "<group>"; };
		20FBC1FD2BD6E73000FF7938 /* LoginView.swift */ = {isa = PBXFileReference; lastKnownFileType = sourcecode.swift; path = LoginView.swift; sourceTree = "<group>"; };
		20FBC1FF2BD6E73E00FF7938 /* LoginViewViewModel.swift */ = {isa = PBXFileReference; lastKnownFileType = sourcecode.swift; path = LoginViewViewModel.swift; sourceTree = "<group>"; };
		20FBC2012BD6EAB800FF7938 /* RootView.swift */ = {isa = PBXFileReference; lastKnownFileType = sourcecode.swift; path = RootView.swift; sourceTree = "<group>"; };
		20FBC20B2BD92E0300FF7938 /* ButtonView.swift */ = {isa = PBXFileReference; lastKnownFileType = sourcecode.swift; path = ButtonView.swift; sourceTree = "<group>"; };
		20FBC20D2BD96C6A00FF7938 /* StorageManager.swift */ = {isa = PBXFileReference; lastKnownFileType = sourcecode.swift; path = StorageManager.swift; sourceTree = "<group>"; };
		20FBC2102BD96CF500FF7938 /* User.swift */ = {isa = PBXFileReference; lastKnownFileType = sourcecode.swift; path = User.swift; sourceTree = "<group>"; };
/* End PBXFileReference section */

/* Begin PBXFrameworksBuildPhase section */
		20FBC1E52BD6DC7800FF7938 /* Frameworks */ = {
			isa = PBXFrameworksBuildPhase;
			buildActionMask = 2147483647;
			files = (
			);
			runOnlyForDeploymentPostprocessing = 0;
		};
/* End PBXFrameworksBuildPhase section */

/* Begin PBXGroup section */
		20FBC1DF2BD6DC7800FF7938 = {
			isa = PBXGroup;
			children = (
				20FBC1EA2BD6DC7800FF7938 /* StateAndDataFlow */,
				20FBC1E92BD6DC7800FF7938 /* Products */,
			);
			sourceTree = "<group>";
		};
		20FBC1E92BD6DC7800FF7938 /* Products */ = {
			isa = PBXGroup;
			children = (
				20FBC1E82BD6DC7800FF7938 /* StateAndDataFlow.app */,
			);
			name = Products;
			sourceTree = "<group>";
		};
		20FBC1EA2BD6DC7800FF7938 /* StateAndDataFlow */ = {
			isa = PBXGroup;
			children = (
				20FBC2012BD6EAB800FF7938 /* RootView.swift */,
				20FBC1EB2BD6DC7800FF7938 /* StateAndDataFlowApp.swift */,
				20FBC2132BD96D0500FF7938 /* UIViews */,
				20FBC2122BD96CF900FF7938 /* Models */,
				20FBC20F2BD96C7000FF7938 /* Services */,
				20FBC1F92BD6DC9800FF7938 /* ContetntView */,
				20FBC1FC2BD6E71700FF7938 /* LoginView */,
				20FBC1F12BD6DC7A00FF7938 /* Preview Content */,
				20FBC1EF2BD6DC7A00FF7938 /* Assets.xcassets */,
			);
			path = StateAndDataFlow;
			sourceTree = "<group>";
		};
		20FBC1F12BD6DC7A00FF7938 /* Preview Content */ = {
			isa = PBXGroup;
			children = (
				20FBC1F22BD6DC7A00FF7938 /* Preview Assets.xcassets */,
			);
			path = "Preview Content";
			sourceTree = "<group>";
		};
		20FBC1F92BD6DC9800FF7938 /* ContetntView */ = {
			isa = PBXGroup;
			children = (
				20FBC1ED2BD6DC7800FF7938 /* ContentView.swift */,
				20FBC1FA2BD6DCF600FF7938 /* ContentViewViewModel.swift */,
			);
			path = ContetntView;
			sourceTree = "<group>";
		};
		20FBC1FC2BD6E71700FF7938 /* LoginView */ = {
			isa = PBXGroup;
			children = (
				20FBC1FD2BD6E73000FF7938 /* LoginView.swift */,
				20FBC1FF2BD6E73E00FF7938 /* LoginViewViewModel.swift */,
			);
			path = LoginView;
			sourceTree = "<group>";
		};
		20FBC20F2BD96C7000FF7938 /* Services */ = {
			isa = PBXGroup;
			children = (
				20FBC20D2BD96C6A00FF7938 /* StorageManager.swift */,
			);
			path = Services;
			sourceTree = "<group>";
		};
		20FBC2122BD96CF900FF7938 /* Models */ = {
			isa = PBXGroup;
			children = (
				20FBC2102BD96CF500FF7938 /* User.swift */,
			);
			path = Models;
			sourceTree = "<group>";
		};
		20FBC2132BD96D0500FF7938 /* UIViews */ = {
			isa = PBXGroup;
			children = (
				20FBC20B2BD92E0300FF7938 /* ButtonView.swift */,
			);
			path = UIViews;
			sourceTree = "<group>";
		};
/* End PBXGroup section */

/* Begin PBXNativeTarget section */
		20FBC1E72BD6DC7800FF7938 /* StateAndDataFlow */ = {
			isa = PBXNativeTarget;
			buildConfigurationList = 20FBC1F62BD6DC7A00FF7938 /* Build configuration list for PBXNativeTarget "StateAndDataFlow" */;
			buildPhases = (
				20FBC1E42BD6DC7800FF7938 /* Sources */,
				20FBC1E52BD6DC7800FF7938 /* Frameworks */,
				20FBC1E62BD6DC7800FF7938 /* Resources */,
			);
			buildRules = (
			);
			dependencies = (
			);
			name = StateAndDataFlow;
			productName = StateAndDataFlow;
			productReference = 20FBC1E82BD6DC7800FF7938 /* StateAndDataFlow.app */;
			productType = "com.apple.product-type.application";
		};
/* End PBXNativeTarget section */

/* Begin PBXProject section */
		20FBC1E02BD6DC7800FF7938 /* Project object */ = {
			isa = PBXProject;
			attributes = {
				BuildIndependentTargetsInParallel = 1;
				LastSwiftUpdateCheck = 1530;
				LastUpgradeCheck = 1530;
				TargetAttributes = {
					20FBC1E72BD6DC7800FF7938 = {
						CreatedOnToolsVersion = 15.3;
					};
				};
			};
			buildConfigurationList = 20FBC1E32BD6DC7800FF7938 /* Build configuration list for PBXProject "StateAndDataFlow" */;
			compatibilityVersion = "Xcode 14.0";
			developmentRegion = en;
			hasScannedForEncodings = 0;
			knownRegions = (
				en,
				Base,
			);
			mainGroup = 20FBC1DF2BD6DC7800FF7938;
			productRefGroup = 20FBC1E92BD6DC7800FF7938 /* Products */;
			projectDirPath = "";
			projectRoot = "";
			targets = (
				20FBC1E72BD6DC7800FF7938 /* StateAndDataFlow */,
			);
		};
/* End PBXProject section */

/* Begin PBXResourcesBuildPhase section */
		20FBC1E62BD6DC7800FF7938 /* Resources */ = {
			isa = PBXResourcesBuildPhase;
			buildActionMask = 2147483647;
			files = (
				20FBC1F32BD6DC7A00FF7938 /* Preview Assets.xcassets in Resources */,
				20FBC1F02BD6DC7A00FF7938 /* Assets.xcassets in Resources */,
			);
			runOnlyForDeploymentPostprocessing = 0;
		};
/* End PBXResourcesBuildPhase section */

/* Begin PBXSourcesBuildPhase section */
		20FBC1E42BD6DC7800FF7938 /* Sources */ = {
			isa = PBXSourcesBuildPhase;
			buildActionMask = 2147483647;
			files = (
				20FBC2002BD6E73E00FF7938 /* LoginViewViewModel.swift in Sources */,
				20FBC1FB2BD6DCF600FF7938 /* ContentViewViewModel.swift in Sources */,
				20FBC2022BD6EAB800FF7938 /* RootView.swift in Sources */,
				20FBC1EE2BD6DC7800FF7938 /* ContentView.swift in Sources */,
				20FBC1FE2BD6E73000FF7938 /* LoginView.swift in Sources */,
				20FBC2112BD96CF500FF7938 /* User.swift in Sources */,
				20FBC1EC2BD6DC7800FF7938 /* StateAndDataFlowApp.swift in Sources */,
				20FBC20C2BD92E0300FF7938 /* ButtonView.swift in Sources */,
				20FBC20E2BD96C6A00FF7938 /* StorageManager.swift in Sources */,
			);
			runOnlyForDeploymentPostprocessing = 0;
		};
/* End PBXSourcesBuildPhase section */

/* Begin XCBuildConfiguration section */
		20FBC1F42BD6DC7A00FF7938 /* Debug */ = {
			isa = XCBuildConfiguration;
			buildSettings = {
				ALWAYS_SEARCH_USER_PATHS = NO;
				ASSETCATALOG_COMPILER_GENERATE_SWIFT_ASSET_SYMBOL_EXTENSIONS = YES;
				CLANG_ANALYZER_NONNULL = YES;
				CLANG_ANALYZER_NUMBER_OBJECT_CONVERSION = YES_AGGRESSIVE;
				CLANG_CXX_LANGUAGE_STANDARD = "gnu++20";
				CLANG_ENABLE_MODULES = YES;
				CLANG_ENABLE_OBJC_ARC = YES;
				CLANG_ENABLE_OBJC_WEAK = YES;
				CLANG_WARN_BLOCK_CAPTURE_AUTORELEASING = YES;
				CLANG_WARN_BOOL_CONVERSION = YES;
				CLANG_WARN_COMMA = YES;
				CLANG_WARN_CONSTANT_CONVERSION = YES;
				CLANG_WARN_DEPRECATED_OBJC_IMPLEMENTATIONS = YES;
				CLANG_WARN_DIRECT_OBJC_ISA_USAGE = YES_ERROR;
				CLANG_WARN_DOCUMENTATION_COMMENTS = YES;
				CLANG_WARN_EMPTY_BODY = YES;
				CLANG_WARN_ENUM_CONVERSION = YES;
				CLANG_WARN_INFINITE_RECURSION = YES;
				CLANG_WARN_INT_CONVERSION = YES;
				CLANG_WARN_NON_LITERAL_NULL_CONVERSION = YES;
				CLANG_WARN_OBJC_IMPLICIT_RETAIN_SELF = YES;
				CLANG_WARN_OBJC_LITERAL_CONVERSION = YES;
				CLANG_WARN_OBJC_ROOT_CLASS = YES_ERROR;
				CLANG_WARN_QUOTED_INCLUDE_IN_FRAMEWORK_HEADER = YES;
				CLANG_WARN_RANGE_LOOP_ANALYSIS = YES;
				CLANG_WARN_STRICT_PROTOTYPES = YES;
				CLANG_WARN_SUSPICIOUS_MOVE = YES;
				CLANG_WARN_UNGUARDED_AVAILABILITY = YES_AGGRESSIVE;
				CLANG_WARN_UNREACHABLE_CODE = YES;
				CLANG_WARN__DUPLICATE_METHOD_MATCH = YES;
				COPY_PHASE_STRIP = NO;
				DEBUG_INFORMATION_FORMAT = dwarf;
				ENABLE_STRICT_OBJC_MSGSEND = YES;
				ENABLE_TESTABILITY = YES;
				ENABLE_USER_SCRIPT_SANDBOXING = YES;
				GCC_C_LANGUAGE_STANDARD = gnu17;
				GCC_DYNAMIC_NO_PIC = NO;
				GCC_NO_COMMON_BLOCKS = YES;
				GCC_OPTIMIZATION_LEVEL = 0;
				GCC_PREPROCESSOR_DEFINITIONS = (
					"DEBUG=1",
					"$(inherited)",
				);
				GCC_WARN_64_TO_32_BIT_CONVERSION = YES;
				GCC_WARN_ABOUT_RETURN_TYPE = YES_ERROR;
				GCC_WARN_UNDECLARED_SELECTOR = YES;
				GCC_WARN_UNINITIALIZED_AUTOS = YES_AGGRESSIVE;
				GCC_WARN_UNUSED_FUNCTION = YES;
				GCC_WARN_UNUSED_VARIABLE = YES;
				IPHONEOS_DEPLOYMENT_TARGET = 17.4;
				LOCALIZATION_PREFERS_STRING_CATALOGS = YES;
				MTL_ENABLE_DEBUG_INFO = INCLUDE_SOURCE;
				MTL_FAST_MATH = YES;
				ONLY_ACTIVE_ARCH = YES;
				SDKROOT = iphoneos;
				SWIFT_ACTIVE_COMPILATION_CONDITIONS = "DEBUG $(inherited)";
				SWIFT_OPTIMIZATION_LEVEL = "-Onone";
			};
			name = Debug;
		};
		20FBC1F52BD6DC7A00FF7938 /* Release */ = {
			isa = XCBuildConfiguration;
			buildSettings = {
				ALWAYS_SEARCH_USER_PATHS = NO;
				ASSETCATALOG_COMPILER_GENERATE_SWIFT_ASSET_SYMBOL_EXTENSIONS = YES;
				CLANG_ANALYZER_NONNULL = YES;
				CLANG_ANALYZER_NUMBER_OBJECT_CONVERSION = YES_AGGRESSIVE;
				CLANG_CXX_LANGUAGE_STANDARD = "gnu++20";
				CLANG_ENABLE_MODULES = YES;
				CLANG_ENABLE_OBJC_ARC = YES;
				CLANG_ENABLE_OBJC_WEAK = YES;
				CLANG_WARN_BLOCK_CAPTURE_AUTORELEASING = YES;
				CLANG_WARN_BOOL_CONVERSION = YES;
				CLANG_WARN_COMMA = YES;
				CLANG_WARN_CONSTANT_CONVERSION = YES;
				CLANG_WARN_DEPRECATED_OBJC_IMPLEMENTATIONS = YES;
				CLANG_WARN_DIRECT_OBJC_ISA_USAGE = YES_ERROR;
				CLANG_WARN_DOCUMENTATION_COMMENTS = YES;
				CLANG_WARN_EMPTY_BODY = YES;
				CLANG_WARN_ENUM_CONVERSION = YES;
				CLANG_WARN_INFINITE_RECURSION = YES;
				CLANG_WARN_INT_CONVERSION = YES;
				CLANG_WARN_NON_LITERAL_NULL_CONVERSION = YES;
				CLANG_WARN_OBJC_IMPLICIT_RETAIN_SELF = YES;
				CLANG_WARN_OBJC_LITERAL_CONVERSION = YES;
				CLANG_WARN_OBJC_ROOT_CLASS = YES_ERROR;
				CLANG_WARN_QUOTED_INCLUDE_IN_FRAMEWORK_HEADER = YES;
				CLANG_WARN_RANGE_LOOP_ANALYSIS = YES;
				CLANG_WARN_STRICT_PROTOTYPES = YES;
				CLANG_WARN_SUSPICIOUS_MOVE = YES;
				CLANG_WARN_UNGUARDED_AVAILABILITY = YES_AGGRESSIVE;
				CLANG_WARN_UNREACHABLE_CODE = YES;
				CLANG_WARN__DUPLICATE_METHOD_MATCH = YES;
				COPY_PHASE_STRIP = NO;
				DEBUG_INFORMATION_FORMAT = "dwarf-with-dsym";
				ENABLE_NS_ASSERTIONS = NO;
				ENABLE_STRICT_OBJC_MSGSEND = YES;
				ENABLE_USER_SCRIPT_SANDBOXING = YES;
				GCC_C_LANGUAGE_STANDARD = gnu17;
				GCC_NO_COMMON_BLOCKS = YES;
				GCC_WARN_64_TO_32_BIT_CONVERSION = YES;
				GCC_WARN_ABOUT_RETURN_TYPE = YES_ERROR;
				GCC_WARN_UNDECLARED_SELECTOR = YES;
				GCC_WARN_UNINITIALIZED_AUTOS = YES_AGGRESSIVE;
				GCC_WARN_UNUSED_FUNCTION = YES;
				GCC_WARN_UNUSED_VARIABLE = YES;
				IPHONEOS_DEPLOYMENT_TARGET = 17.4;
				LOCALIZATION_PREFERS_STRING_CATALOGS = YES;
				MTL_ENABLE_DEBUG_INFO = NO;
				MTL_FAST_MATH = YES;
				SDKROOT = iphoneos;
				SWIFT_COMPILATION_MODE = wholemodule;
				VALIDATE_PRODUCT = YES;
			};
			name = Release;
		};
		20FBC1F72BD6DC7A00FF7938 /* Debug */ = {
			isa = XCBuildConfiguration;
			buildSettings = {
				ASSETCATALOG_COMPILER_APPICON_NAME = AppIcon;
				ASSETCATALOG_COMPILER_GLOBAL_ACCENT_COLOR_NAME = AccentColor;
				CODE_SIGN_STYLE = Automatic;
				CURRENT_PROJECT_VERSION = 1;
				DEVELOPMENT_ASSET_PATHS = "\"StateAndDataFlow/Preview Content\"";
				ENABLE_PREVIEWS = YES;
				GENERATE_INFOPLIST_FILE = YES;
				INFOPLIST_KEY_UIApplicationSceneManifest_Generation = YES;
				INFOPLIST_KEY_UIApplicationSupportsIndirectInputEvents = YES;
				INFOPLIST_KEY_UILaunchScreen_Generation = YES;
				INFOPLIST_KEY_UISupportedInterfaceOrientations = UIInterfaceOrientationPortrait;
				INFOPLIST_KEY_UISupportedInterfaceOrientations_iPad = "UIInterfaceOrientationLandscapeLeft UIInterfaceOrientationLandscapeRight UIInterfaceOrientationPortrait UIInterfaceOrientationPortraitUpsideDown";
				LD_RUNPATH_SEARCH_PATHS = (
					"$(inherited)",
					"@executable_path/Frameworks",
				);
				MARKETING_VERSION = 1.0;
				PRODUCT_BUNDLE_IDENTIFIER = KobelevaDaria.StateAndDataFlow;
				PRODUCT_NAME = "$(TARGET_NAME)";
				SUPPORTED_PLATFORMS = "iphoneos iphonesimulator";
				SUPPORTS_MACCATALYST = NO;
				SUPPORTS_MAC_DESIGNED_FOR_IPHONE_IPAD = NO;
				SUPPORTS_XR_DESIGNED_FOR_IPHONE_IPAD = NO;
				SWIFT_EMIT_LOC_STRINGS = YES;
				SWIFT_VERSION = 5.0;
				TARGETED_DEVICE_FAMILY = 1;
			};
			name = Debug;
		};
		20FBC1F82BD6DC7A00FF7938 /* Release */ = {
			isa = XCBuildConfiguration;
			buildSettings = {
				ASSETCATALOG_COMPILER_APPICON_NAME = AppIcon;
				ASSETCATALOG_COMPILER_GLOBAL_ACCENT_COLOR_NAME = AccentColor;
				CODE_SIGN_STYLE = Automatic;
				CURRENT_PROJECT_VERSION = 1;
				DEVELOPMENT_ASSET_PATHS = "\"StateAndDataFlow/Preview Content\"";
				ENABLE_PREVIEWS = YES;
				GENERATE_INFOPLIST_FILE = YES;
				INFOPLIST_KEY_UIApplicationSceneManifest_Generation = YES;
				INFOPLIST_KEY_UIApplicationSupportsIndirectInputEvents = YES;
				INFOPLIST_KEY_UILaunchScreen_Generation = YES;
				INFOPLIST_KEY_UISupportedInterfaceOrientations = UIInterfaceOrientationPortrait;
				INFOPLIST_KEY_UISupportedInterfaceOrientations_iPad = "UIInterfaceOrientationLandscapeLeft UIInterfaceOrientationLandscapeRight UIInterfaceOrientationPortrait UIInterfaceOrientationPortraitUpsideDown";
				LD_RUNPATH_SEARCH_PATHS = (
					"$(inherited)",
					"@executable_path/Frameworks",
				);
				MARKETING_VERSION = 1.0;
				PRODUCT_BUNDLE_IDENTIFIER = KobelevaDaria.StateAndDataFlow;
				PRODUCT_NAME = "$(TARGET_NAME)";
				SUPPORTED_PLATFORMS = "iphoneos iphonesimulator";
				SUPPORTS_MACCATALYST = NO;
				SUPPORTS_MAC_DESIGNED_FOR_IPHONE_IPAD = NO;
				SUPPORTS_XR_DESIGNED_FOR_IPHONE_IPAD = NO;
				SWIFT_EMIT_LOC_STRINGS = YES;
				SWIFT_VERSION = 5.0;
				TARGETED_DEVICE_FAMILY = 1;
			};
			name = Release;
		};
/* End XCBuildConfiguration section */

/* Begin XCConfigurationList section */
		20FBC1E32BD6DC7800FF7938 /* Build configuration list for PBXProject "StateAndDataFlow" */ = {
			isa = XCConfigurationList;
			buildConfigurations = (
				20FBC1F42BD6DC7A00FF7938 /* Debug */,
				20FBC1F52BD6DC7A00FF7938 /* Release */,
			);
			defaultConfigurationIsVisible = 0;
			defaultConfigurationName = Release;
		};
		20FBC1F62BD6DC7A00FF7938 /* Build configuration list for PBXNativeTarget "StateAndDataFlow" */ = {
			isa = XCConfigurationList;
			buildConfigurations = (
				20FBC1F72BD6DC7A00FF7938 /* Debug */,
				20FBC1F82BD6DC7A00FF7938 /* Release */,
			);
			defaultConfigurationIsVisible = 0;
			defaultConfigurationName = Release;
		};
/* End XCConfigurationList section */
	};
	rootObject = 20FBC1E02BD6DC7800FF7938 /* Project object */;
}
